{
    "_meta": {
        "hash": {
            "sha256": "98ffa61fa4925966a459db4be9066e1bdef5583e6cadf97a0f566a7f40a10ad9"
        },
        "pipfile-spec": 6,
        "requires": {
            "python_version": "3.7"
        },
        "sources": [
            {
                "name": "pypi",
                "url": "https://pypi.org/simple",
                "verify_ssl": true
            }
        ]
    },
    "default": {
        "click": {
            "hashes": [
                "sha256:2335065e6395b9e67ca716de5f7526736bfa6ceead690adf616d925bdc622b13",
                "sha256:5b94b49521f6456670fdb30cd82a4eca9412788a93fa6dd6df72c94d5a8ff2d7"
            ],
            "index": "pypi",
            "version": "==7.0"
        },
        "oscpy": {
            "hashes": [
                "sha256:22d4113accd9860e070a974ab8bbc024a9e4d2963a013e6b3a0699b6882ba421",
                "sha256:3b5f5e416b4c712441fb7dc5241c22365013087be32007ec0285fbe36e3791b8"
            ],
            "index": "pypi",
            "version": "==0.5.0"
        }
    },
    "develop": {}
}
